{
  "nodes": {
    "autofirma-nix": {
      "inputs": {
        "autofirma-src": "autofirma-src",
        "clienteafirma-external-src": "clienteafirma-external-src",
        "flake-parts": "flake-parts",
        "home-manager": [
          "home-manager"
        ],
        "jmulticard-src": "jmulticard-src",
        "nix-unit": "nix-unit",
        "nixpkgs": [
          "nixpkgs"
        ]
      },
      "locked": {
        "lastModified": 1784217467,
        "narHash": "sha256-NJ6M5hyfzcyRyrrF6LEaRVdU4nze6dSoO9CAopy0Xcg=",
        "owner": "nix-community",
        "repo": "autofirma-nix",
        "rev": "e3bbbd381a176ea1dedfe0efd7d58a37175f5643",
        "type": "github"
      },
      "original": {
        "owner": "nix-community",
        "repo": "autofirma-nix",
        "type": "github"
      }
    },
    "autofirma-src": {
      "flake": false,
      "locked": {
        "lastModified": 1747811913,
        "narHash": "sha256-vk0I2wpaiwC5kY8R36i/1CLHGCtsl3scDcJ6qg1p50k=",
        "owner": "ctt-gob-es",
        "repo": "clienteafirma",
        "rev": "1f29aa7a2aae8eda40a70fed79b0428153c78df8",
        "type": "github"
      },
      "original": {
        "owner": "ctt-gob-es",
        "ref": "v1.9",
        "repo": "clienteafirma",
        "type": "github"
      }
    },
    "clienteafirma-external-src": {
      "flake": false,
      "locked": {
        "lastModified": 1753702371,
        "narHash": "sha256-3bXdZ6fQAId6nHqiJ60BDBhFI9cosN7jtI0soggcO9Q=",
        "owner": "ctt-gob-es",
        "repo": "clienteafirma-external",
        "rev": "d3792cc3816906da7fff652f9bd122f84b29b5c7",
        "type": "github"
      },
      "original": {
        "owner": "ctt-gob-es",
        "ref": "v1.0.6",
        "repo": "clienteafirma-external",
        "type": "github"
      }
    },
    "crane": {
      "locked": {
        "lastModified": 1781825982,
        "narHash": "sha256-SlXKwIRIhrOSAcTjCB3ftPLzJWZStQIPS7J1FlZPnKk=",
        "owner": "ipetkov",
        "repo": "crane",
        "rev": "469fd08d0bcf6926321fa973c6777fbc87785dd7",
        "type": "github"
      },
      "original": {
        "owner": "ipetkov",
        "repo": "crane",
        "type": "github"
      }
    },
    "flake-compat": {
      "flake": false,
      "locked": {
        "lastModified": 1767039857,
        "narHash": "sha256-vNpUSpF5Nuw8xvDLj2KCwwksIbjua2LZCqhV1LNRDns=",
        "owner": "NixOS",
        "repo": "flake-compat",
        "rev": "5edf11c44bc78a0d334f6334cdaf7d60d732daab",
        "type": "github"
      },
      "original": {
        "owner": "NixOS",
        "repo": "flake-compat",
        "type": "github"
      }
    },
    "flake-parts": {
      "inputs": {
        "nixpkgs-lib": [
          "autofirma-nix",
          "nixpkgs"
        ]
      },
      "locked": {
        "lastModified": 1782949081,
        "narHash": "sha256-vp6Y/Grm98ESt6ceOkWiHWyZRDV3J1RID4w+6NWK9yA=",
        "owner": "hercules-ci",
        "repo": "flake-parts",
        "rev": "17c9d6cdfc60c64f4ee8d306f9bc0b4ccb51481e",
        "type": "github"
      },
      "original": {
        "owner": "hercules-ci",
        "repo": "flake-parts",
        "type": "github"
      }
    },
    "gitignore": {
      "inputs": {
        "nixpkgs": [
          "lanzaboote",
          "pre-commit",
          "nixpkgs"
        ]
      },
      "locked": {
        "lastModified": 1709087332,
        "narHash": "sha256-HG2cCnktfHsKV0s4XW83gU3F57gaTljL9KNSuG6bnQs=",
        "owner": "hercules-ci",
        "repo": "gitignore.nix",
        "rev": "637db329424fd7e46cf4185293b9cc8c88c95394",
        "type": "github"
      },
      "original": {
        "owner": "hercules-ci",
        "repo": "gitignore.nix",
        "type": "github"
      }
    },
    "home-manager": {
      "inputs": {
        "nixpkgs": [
          "nixpkgs"
        ]
      },
      "locked": {
        "lastModified": 1784351324,
        "narHash": "sha256-By+kuRJZRqs2TuXgtR8vJ8cTKWXw33YG/Yollu5cO1U=",
        "owner": "nix-community",
        "repo": "home-manager",
        "rev": "460108009ca1ff69ca2ff19079ca2c838d6e3080",
        "type": "github"
      },
      "original": {
        "owner": "nix-community",
        "ref": "master",
        "repo": "home-manager",
        "type": "github"
      }
    },
    "jmulticard-src": {
      "flake": false,
      "locked": {
        "lastModified": 1753703143,
        "narHash": "sha256-XHX9MwWQe9BIjEfrrquU9gtzx3x6leGBhWjMPmVtALE=",
        "owner": "ctt-gob-es",
        "repo": "jmulticard",
        "rev": "2550e7eab43b9089673d0989959894846425f499",
        "type": "github"
      },
      "original": {
        "owner": "ctt-gob-es",
        "ref": "v2.0",
        "repo": "jmulticard",
        "type": "github"
      }
    },
    "lanzaboote": {
      "inputs": {
        "crane": "crane",
        "nixpkgs": [
          "nixpkgs"
        ],
        "pre-commit": "pre-commit",
        "rust-overlay": "rust-overlay"
      },
      "locked": {
        "lastModified": 1782141370,
        "narHash": "sha256-hqijVSEETttmo8Okql9/LG0Ua34hdciKW1a5zzlj8mU=",
        "owner": "nix-community",
        "repo": "lanzaboote",
        "rev": "7c9a54a7f87b4539ddbd8bda09a8a5f5f9361aa9",
        "type": "github"
      },
      "original": {
        "owner": "nix-community",
        "ref": "v1.1.0",
        "repo": "lanzaboote",
        "type": "github"
      }
    },
    "nix-github-actions": {
      "inputs": {
        "nixpkgs": [
          "autofirma-nix",
          "nix-unit",
          "nixpkgs"
        ]
      },
      "locked": {
        "lastModified": 1737420293,
        "narHash": "sha256-F1G5ifvqTpJq7fdkT34e/Jy9VCyzd5XfJ9TO8fHhJWE=",
        "owner": "nix-community",
        "repo": "nix-github-actions",
        "rev": "f4158fa080ef4503c8f4c820967d946c2af31ec9",
        "type": "github"
      },
      "original": {
        "owner": "nix-community",
        "repo": "nix-github-actions",
        "type": "github"
      }
    },
    "nix-unit": {
      "inputs": {
        "nix-github-actions": "nix-github-actions",
        "nixpkgs": [
          "autofirma-nix",
          "nixpkgs"
        ],
        "treefmt-nix": "treefmt-nix"
      },
      "locked": {
        "lastModified": 1784020394,
        "narHash": "sha256-eG+ETC+lvHDLhlKgQB6/lGfpqr56Lt3+j1pHOeb4tK4=",
        "owner": "nix-community",
        "repo": "nix-unit",
        "rev": "3a484e17e4911ed97d56e37506f22e294c7c0ccd",
        "type": "github"
      },
      "original": {
        "owner": "nix-community",
        "repo": "nix-unit",
        "type": "github"
      }
    },
    "nixpkgs": {
      "locked": {
        "lastModified": 1784120854,
        "narHash": "sha256-Pjytpyqs/h6Kfs46Pcj+upOCqq0/Wwq81YSSeko7ChM=",
        "rev": "753cc8a3a87467296ddd1fa93f0cc3e81120ee46",
        "type": "tarball",
        "url": "https://releases.nixos.org/nixos/unstable/nixos-26.11pre1035164.753cc8a3a874/nixexprs.tar.xz"
      },
      "original": {
        "id": "nixpkgs",
        "ref": "nixos-unstable",
        "type": "indirect"
      }
    },
    "nixpkgs-stable": {
      "locked": {
        "lastModified": 1784280462,
        "narHash": "sha256-tdf956RzIg3clDWEZsQrngaEJVxpPNzUsGhVHgGKBj8=",
        "rev": "293d6abedf0478e681a4dfcfcb35b30fc796a32f",
        "type": "tarball",
        "url": "https://releases.nixos.org/nixos/26.05/nixos-26.05.5449.293d6abedf04/nixexprs.tar.xz"
      },
      "original": {
        "id": "nixpkgs",
        "ref": "nixos-26.05",
        "type": "indirect"
      }
    },
    "pre-commit": {
      "inputs": {
        "flake-compat": "flake-compat",
        "gitignore": "gitignore",
        "nixpkgs": [
          "lanzaboote",
          "nixpkgs"
        ]
      },
      "locked": {
        "lastModified": 1781733627,
        "narHash": "sha256-U3yTuGBnmXvXoQI3qkpfEDsn9RovQPAjN7ndRco+3u0=",
        "owner": "cachix",
        "repo": "pre-commit-hooks.nix",
        "rev": "3bbec39bc90eadfa031e6f3b77272f3f60803e39",
        "type": "github"
      },
      "original": {
        "owner": "cachix",
        "repo": "pre-commit-hooks.nix",
        "type": "github"
      }
    },
    "root": {
      "inputs": {
        "autofirma-nix": "autofirma-nix",
        "home-manager": "home-manager",
        "lanzaboote": "lanzaboote",
        "nixpkgs": "nixpkgs",
        "nixpkgs-stable": "nixpkgs-stable",
        "zen-browser": "zen-browser"
      }
    },
    "rust-overlay": {
      "inputs": {
        "nixpkgs": [
          "lanzaboote",
          "nixpkgs"
        ]
      },
      "locked": {
        "lastModified": 1782012058,
        "narHash": "sha256-9mWUnReOUXfKjZuJAL/bAFH3LUyECTRtXgSNVjRw3UY=",
        "owner": "oxalica",
        "repo": "rust-overlay",
        "rev": "8534567325bd8a8d2928e6afd81e0a87d19efd3c",
        "type": "github"
      },
      "original": {
        "owner": "oxalica",
        "repo": "rust-overlay",
        "type": "github"
      }
    },
    "treefmt-nix": {
      "inputs": {
        "nixpkgs": [
          "autofirma-nix",
          "nix-unit",
          "nixpkgs"
        ]
      },
      "locked": {
        "lastModified": 1780220602,
        "narHash": "sha256-eynAfOmbmxJnkp7YewvCEbShNnnYJ9gLLqkzsYtBPeM=",
        "owner": "numtide",
        "repo": "treefmt-nix",
        "rev": "db947814a175b7ca6ded66e21383d938df01c227",
        "type": "github"
      },
      "original": {
        "owner": "numtide",
        "repo": "treefmt-nix",
        "type": "github"
      }
    },
    "zen-browser": {
      "inputs": {
        "home-manager": [
          "home-manager"
        ],
        "nixpkgs": [
          "nixpkgs"
        ]
      },
      "locked": {
        "lastModified": 1784352415,
        "narHash": "sha256-sHuh1KQopmLPWouFBYwZ5PVWj19Y4mKAjkQeQHCT3E0=",
        "owner": "0xc000022070",
        "repo": "zen-browser-flake",
        "rev": "7202b917826e2e335d9935c3a943ae18681056b1",
        "type": "github"
      },
      "original": {
        "owner": "0xc000022070",
        "repo": "zen-browser-flake",
        "type": "github"
      }
    }
  },
  "root": "root",
  "version": 7
}
